
Microsoft Visual Studio Solution File, Format Version 12.00
# Visual Studio Version 17
VisualStudioVersion = 17.9.34714.143
MinimumVisualStudioVersion = 10.0.40219.1
Project("{FAE04EC0-301F-11D3-BF4B-00C04F79EFBC}") = "BOXCricket", "BOXCricket.csproj", "{EA4F7916-BCC2-412F-A1D6-E38683B8BC6D}"
EndProject
Global
	GlobalSection(SolutionConfigurationPlatforms) = preSolution
		Debug|Any CPU = Debug|Any CPU
		Release|Any CPU = Release|Any CPU
	EndGlobalSection
	GlobalSection(ProjectConfigurationPlatforms) = postSolution
		{EA4F7916-BCC2-412F-A1D6-E38683B8BC6D}.Debug|Any CPU.ActiveCfg = Debug|Any CPU
		{EA4F7916-BCC2-412F-A1D6-E38683B8BC6D}.Debug|Any CPU.Build.0 = Debug|Any CPU
		{EA4F7916-BCC2-412F-A1D6-E38683B8BC6D}.Release|Any CPU.ActiveCfg = Release|Any CPU
		{EA4F7916-BCC2-412F-A1D6-E38683B8BC6D}.Release|Any CPU.Build.0 = Release|Any CPU
	EndGlobalSection
	GlobalSection(SolutionProperties) = preSolution
		HideSolutionNode = FALSE
	EndGlobalSection
	GlobalSection(ExtensibilityGlobals) = postSolution
		SolutionGuid = {DEC41474-BE5B-4EEE-A7F6-0E587931C1C3}
	EndGlobalSection
EndGlobal
